// !$*UTF8*$!
{
	archiveVersion = 1;
	classes = {
	};
	objectVersion = 56;
	objects = {

/* Begin PBXBuildFile section */
		3D015AEE29C631B300382413 /* HoldingView.swift in Sources */ = {isa = PBXBuildFile; fileRef = 3D015AED29C631B300382413 /* HoldingView.swift */; };
		3D41A2B329C0EA3A008677A2 /* AppDelegate.swift in Sources */ = {isa = PBXBuildFile; fileRef = 3D41A2B229C0EA3A008677A2 /* AppDelegate.swift */; };
		3D41A2B529C2118C008677A2 /* LessonView.swift in Sources */ = {isa = PBXBuildFile; fileRef = 3D41A2B429C2118C008677A2 /* LessonView.swift */; };
		3D41A2B729C2191D008677A2 /* LessonData.swift in Sources */ = {isa = PBXBuildFile; fileRef = 3D41A2B629C2191D008677A2 /* LessonData.swift */; };
		3D41A2B929C23184008677A2 /* LessonLoadingView.swift in Sources */ = {isa = PBXBuildFile; fileRef = 3D41A2B829C23184008677A2 /* LessonLoadingView.swift */; };
		3DE0F90229BE365500FD6C71 /* MixLabApp.swift in Sources */ = {isa = PBXBuildFile; fileRef = 3DE0F90129BE365500FD6C71 /* MixLabApp.swift */; };
		3DE0F90429BE365500FD6C71 /* ContentView.swift in Sources */ = {isa = PBXBuildFile; fileRef = 3DE0F90329BE365500FD6C71 /* ContentView.swift */; };
		3DE0F91629BE37E400FD6C71 /* Preview Assets.xcassets in Resources */ = {isa = PBXBuildFile; fileRef = 3DE0F91529BE37E400FD6C71 /* Preview Assets.xcassets */; };
		3DE0F91929BE385500FD6C71 /* AudioKit in Frameworks */ = {isa = PBXBuildFile; productRef = 3DE0F91829BE385500FD6C71 /* AudioKit */; };
		3DE0F91C29BE387200FD6C71 /* AudioKitEX in Frameworks */ = {isa = PBXBuildFile; productRef = 3DE0F91B29BE387200FD6C71 /* AudioKitEX */; };
		3DE0F92529BE39B500FD6C71 /* Controls in Frameworks */ = {isa = PBXBuildFile; productRef = 3DE0F92429BE39B500FD6C71 /* Controls */; };
		3DE0F92829BE39C400FD6C71 /* Flow in Frameworks */ = {isa = PBXBuildFile; productRef = 3DE0F92729BE39C400FD6C71 /* Flow */; };
		3DE0F92B29BE39D600FD6C71 /* KissFFT in Frameworks */ = {isa = PBXBuildFile; productRef = 3DE0F92A29BE39D600FD6C71 /* KissFFT */; };
		3DE0F92E29BE39E000FD6C71 /* SoundpipeAudioKit in Frameworks */ = {isa = PBXBuildFile; productRef = 3DE0F92D29BE39E000FD6C71 /* SoundpipeAudioKit */; };
		3DE0F93229BE3D0600FD6C71 /* Assets.xcassets in Resources */ = {isa = PBXBuildFile; fileRef = 3DE0F93129BE3D0600FD6C71 /* Assets.xcassets */; };
		3DE0F93429BE3DD900FD6C71 /* LaunchScreen.storyboard in Resources */ = {isa = PBXBuildFile; fileRef = 3DE0F93329BE3DD900FD6C71 /* LaunchScreen.storyboard */; };
		3DE0F93629BE49E100FD6C71 /* NewView.swift in Sources */ = {isa = PBXBuildFile; fileRef = 3DE0F93529BE49E100FD6C71 /* NewView.swift */; };
		3DE0F95329C0B25A00FD6C71 /* LessonsButton.swift in Sources */ = {isa = PBXBuildFile; fileRef = 3DE0F95229C0B25A00FD6C71 /* LessonsButton.swift */; };
		3DE0F95529C0B4E400FD6C71 /* FreePlayButton.swift in Sources */ = {isa = PBXBuildFile; fileRef = 3DE0F95429C0B4E400FD6C71 /* FreePlayButton.swift */; };
		3DE0F95729C0B7BE00FD6C71 /* SettingsButton.swift in Sources */ = {isa = PBXBuildFile; fileRef = 3DE0F95629C0B7BE00FD6C71 /* SettingsButton.swift */; };
		3DE0F95929C0B7C600FD6C71 /* AboutButton.swift in Sources */ = {isa = PBXBuildFile; fileRef = 3DE0F95829C0B7C600FD6C71 /* AboutButton.swift */; };
		3DE0F95D29C0BD4E00FD6C71 /* SettingsView.swift in Sources */ = {isa = PBXBuildFile; fileRef = 3DE0F95C29C0BD4E00FD6C71 /* SettingsView.swift */; };
/* End PBXBuildFile section */

/* Begin PBXFileReference section */
		3D015AED29C631B300382413 /* HoldingView.swift */ = {isa = PBXFileReference; lastKnownFileType = sourcecode.swift; path = HoldingView.swift; sourceTree = "<group>"; };
		3D41A2B229C0EA3A008677A2 /* AppDelegate.swift */ = {isa = PBXFileReference; lastKnownFileType = sourcecode.swift; name = AppDelegate.swift; path = ../../../../../../../../../Downloads/AppDelegate.swift; sourceTree = "<group>"; };
		3D41A2B429C2118C008677A2 /* LessonView.swift */ = {isa = PBXFileReference; lastKnownFileType = sourcecode.swift; path = LessonView.swift; sourceTree = "<group>"; };
		3D41A2B629C2191D008677A2 /* LessonData.swift */ = {isa = PBXFileReference; lastKnownFileType = sourcecode.swift; path = LessonData.swift; sourceTree = "<group>"; };
		3D41A2B829C23184008677A2 /* LessonLoadingView.swift */ = {isa = PBXFileReference; lastKnownFileType = sourcecode.swift; path = LessonLoadingView.swift; sourceTree = "<group>"; };
		3DE0F8FE29BE365500FD6C71 /* MixLab.app */ = {isa = PBXFileReference; explicitFileType = wrapper.application; includeInIndex = 0; path = MixLab.app; sourceTree = BUILT_PRODUCTS_DIR; };
		3DE0F90129BE365500FD6C71 /* MixLabApp.swift */ = {isa = PBXFileReference; lastKnownFileType = sourcecode.swift; path = MixLabApp.swift; sourceTree = "<group>"; };
		3DE0F90329BE365500FD6C71 /* ContentView.swift */ = {isa = PBXFileReference; lastKnownFileType = sourcecode.swift; path = ContentView.swift; sourceTree = "<group>"; };
		3DE0F91529BE37E400FD6C71 /* Preview Assets.xcassets */ = {isa = PBXFileReference; lastKnownFileType = folder.assetcatalog; path = "Preview Assets.xcassets"; sourceTree = "<group>"; };
		3DE0F93129BE3D0600FD6C71 /* Assets.xcassets */ = {isa = PBXFileReference; lastKnownFileType = folder.assetcatalog; path = Assets.xcassets; sourceTree = "<group>"; };
		3DE0F93329BE3DD900FD6C71 /* LaunchScreen.storyboard */ = {isa = PBXFileReference; lastKnownFileType = file.storyboard; path = LaunchScreen.storyboard; sourceTree = "<group>"; };
		3DE0F93529BE49E100FD6C71 /* NewView.swift */ = {isa = PBXFileReference; lastKnownFileType = sourcecode.swift; path = NewView.swift; sourceTree = "<group>"; };
		3DE0F95229C0B25A00FD6C71 /* LessonsButton.swift */ = {isa = PBXFileReference; lastKnownFileType = sourcecode.swift; path = LessonsButton.swift; sourceTree = "<group>"; };
		3DE0F95429C0B4E400FD6C71 /* FreePlayButton.swift */ = {isa = PBXFileReference; lastKnownFileType = sourcecode.swift; path = FreePlayButton.swift; sourceTree = "<group>"; };
		3DE0F95629C0B7BE00FD6C71 /* SettingsButton.swift */ = {isa = PBXFileReference; lastKnownFileType = sourcecode.swift; path = SettingsButton.swift; sourceTree = "<group>"; };
		3DE0F95829C0B7C600FD6C71 /* AboutButton.swift */ = {isa = PBXFileReference; lastKnownFileType = sourcecode.swift; path = AboutButton.swift; sourceTree = "<group>"; };
		3DE0F95C29C0BD4E00FD6C71 /* SettingsView.swift */ = {isa = PBXFileReference; lastKnownFileType = sourcecode.swift; path = SettingsView.swift; sourceTree = "<group>"; };
/* End PBXFileReference section */

/* Begin PBXFrameworksBuildPhase section */
		3DE0F8FB29BE365500FD6C71 /* Frameworks */ = {
			isa = PBXFrameworksBuildPhase;
			buildActionMask = 2147483647;
			files = (
				3DE0F92529BE39B500FD6C71 /* Controls in Frameworks */,
				3DE0F92829BE39C400FD6C71 /* Flow in Frameworks */,
				3DE0F91929BE385500FD6C71 /* AudioKit in Frameworks */,
				3DE0F92B29BE39D600FD6C71 /* KissFFT in Frameworks */,
				3DE0F92E29BE39E000FD6C71 /* SoundpipeAudioKit in Frameworks */,
				3DE0F91C29BE387200FD6C71 /* AudioKitEX in Frameworks */,
			);
			runOnlyForDeploymentPostprocessing = 0;
		};
/* End PBXFrameworksBuildPhase section */

/* Begin PBXGroup section */
		3DE0F8F529BE365500FD6C71 = {
			isa = PBXGroup;
			children = (
				3DE0F90029BE365500FD6C71 /* MixLab */,
				3DE0F8FF29BE365500FD6C71 /* Products */,
			);
			sourceTree = "<group>";
		};
		3DE0F8FF29BE365500FD6C71 /* Products */ = {
			isa = PBXGroup;
			children = (
				3DE0F8FE29BE365500FD6C71 /* MixLab.app */,
			);
			name = Products;
			sourceTree = "<group>";
		};
		3DE0F90029BE365500FD6C71 /* MixLab */ = {
			isa = PBXGroup;
			children = (
				3DE0F95B29C0BD4100FD6C71 /* About */,
				3DE0F95A29C0BD3900FD6C71 /* Settings */,
				3DE0F95129C0B23D00FD6C71 /* HomeViews */,
				3DE0F93029BE3CDA00FD6C71 /* Assets */,
				3DE0F91129BE376D00FD6C71 /* Lessons */,
				3DE0F91029BE376400FD6C71 /* FreePlay */,
				3DE0F90F29BE375900FD6C71 /* Samples */,
				3DE0F90129BE365500FD6C71 /* MixLabApp.swift */,
				3DE0F90329BE365500FD6C71 /* ContentView.swift */,
				3DE0F91429BE37C600FD6C71 /* Preview Content */,
				3DE0F93329BE3DD900FD6C71 /* LaunchScreen.storyboard */,
				3DE0F93529BE49E100FD6C71 /* NewView.swift */,
				3D41A2B229C0EA3A008677A2 /* AppDelegate.swift */,
			);
			path = MixLab;
			sourceTree = "<group>";
		};
		3DE0F90F29BE375900FD6C71 /* Samples */ = {
			isa = PBXGroup;
			children = (
			);
			path = Samples;
			sourceTree = "<group>";
		};
		3DE0F91029BE376400FD6C71 /* FreePlay */ = {
			isa = PBXGroup;
			children = (
			);
			path = FreePlay;
			sourceTree = "<group>";
		};
		3DE0F91129BE376D00FD6C71 /* Lessons */ = {
			isa = PBXGroup;
			children = (
				3D41A2B429C2118C008677A2 /* LessonView.swift */,
				3D015AED29C631B300382413 /* HoldingView.swift */,
				3D41A2B829C23184008677A2 /* LessonLoadingView.swift */,
				3D41A2B629C2191D008677A2 /* LessonData.swift */,
			);
			path = Lessons;
			sourceTree = "<group>";
		};
		3DE0F91429BE37C600FD6C71 /* Preview Content */ = {
			isa = PBXGroup;
			children = (
				3DE0F91529BE37E400FD6C71 /* Preview Assets.xcassets */,
			);
			path = "Preview Content";
			sourceTree = "<group>";
		};
		3DE0F93029BE3CDA00FD6C71 /* Assets */ = {
			isa = PBXGroup;
			children = (
				3DE0F93129BE3D0600FD6C71 /* Assets.xcassets */,
			);
			path = Assets;
			sourceTree = "<group>";
		};
		3DE0F95129C0B23D00FD6C71 /* HomeViews */ = {
			isa = PBXGroup;
			children = (
				3DE0F95229C0B25A00FD6C71 /* LessonsButton.swift */,
				3DE0F95429C0B4E400FD6C71 /* FreePlayButton.swift */,
				3DE0F95629C0B7BE00FD6C71 /* SettingsButton.swift */,
				3DE0F95829C0B7C600FD6C71 /* AboutButton.swift */,
			);
			path = HomeViews;
			sourceTree = "<group>";
		};
		3DE0F95A29C0BD3900FD6C71 /* Settings */ = {
			isa = PBXGroup;
			children = (
				3DE0F95C29C0BD4E00FD6C71 /* SettingsView.swift */,
			);
			path = Settings;
			sourceTree = "<group>";
		};
		3DE0F95B29C0BD4100FD6C71 /* About */ = {
			isa = PBXGroup;
			children = (
			);
			path = About;
			sourceTree = "<group>";
		};
/* End PBXGroup section */

/* Begin PBXNativeTarget section */
		3DE0F8FD29BE365500FD6C71 /* MixLab */ = {
			isa = PBXNativeTarget;
			buildConfigurationList = 3DE0F90C29BE365600FD6C71 /* Build configuration list for PBXNativeTarget "MixLab" */;
			buildPhases = (
				3DE0F8FA29BE365500FD6C71 /* Sources */,
				3DE0F8FB29BE365500FD6C71 /* Frameworks */,
				3DE0F8FC29BE365500FD6C71 /* Resources */,
				3DE0F92F29BE3BAA00FD6C71 /* ShellScript */,
			);
			buildRules = (
			);
			dependencies = (
			);
			name = MixLab;
			packageProductDependencies = (
				3DE0F91829BE385500FD6C71 /* AudioKit */,
				3DE0F91B29BE387200FD6C71 /* AudioKitEX */,
				3DE0F92429BE39B500FD6C71 /* Controls */,
				3DE0F92729BE39C400FD6C71 /* Flow */,
				3DE0F92A29BE39D600FD6C71 /* KissFFT */,
				3DE0F92D29BE39E000FD6C71 /* SoundpipeAudioKit */,
			);
			productName = MixLab;
			productReference = 3DE0F8FE29BE365500FD6C71 /* MixLab.app */;
			productType = "com.apple.product-type.application";
		};
/* End PBXNativeTarget section */

/* Begin PBXProject section */
		3DE0F8F629BE365500FD6C71 /* Project object */ = {
			isa = PBXProject;
			attributes = {
				BuildIndependentTargetsInParallel = 1;
				LastSwiftUpdateCheck = 1420;
				LastUpgradeCheck = 1420;
				TargetAttributes = {
					3DE0F8FD29BE365500FD6C71 = {
						CreatedOnToolsVersion = 14.2;
					};
				};
			};
			buildConfigurationList = 3DE0F8F929BE365500FD6C71 /* Build configuration list for PBXProject "MixLab" */;
			compatibilityVersion = "Xcode 14.0";
			developmentRegion = en;
			hasScannedForEncodings = 0;
			knownRegions = (
				en,
				Base,
			);
			mainGroup = 3DE0F8F529BE365500FD6C71;
			packageReferences = (
				3DE0F91729BE385500FD6C71 /* XCRemoteSwiftPackageReference "AudioKit" */,
				3DE0F91A29BE387200FD6C71 /* XCRemoteSwiftPackageReference "AudioKitEX" */,
				3DE0F92329BE39B500FD6C71 /* XCRemoteSwiftPackageReference "Controls" */,
				3DE0F92629BE39C400FD6C71 /* XCRemoteSwiftPackageReference "Flow" */,
				3DE0F92929BE39D600FD6C71 /* XCRemoteSwiftPackageReference "KissFFT" */,
				3DE0F92C29BE39E000FD6C71 /* XCRemoteSwiftPackageReference "SoundpipeAudioKit" */,
			);
			productRefGroup = 3DE0F8FF29BE365500FD6C71 /* Products */;
			projectDirPath = "";
			projectRoot = "";
			targets = (
				3DE0F8FD29BE365500FD6C71 /* MixLab */,
			);
		};
/* End PBXProject section */

/* Begin PBXResourcesBuildPhase section */
		3DE0F8FC29BE365500FD6C71 /* Resources */ = {
			isa = PBXResourcesBuildPhase;
			buildActionMask = 2147483647;
			files = (
				3DE0F93229BE3D0600FD6C71 /* Assets.xcassets in Resources */,
				3DE0F91629BE37E400FD6C71 /* Preview Assets.xcassets in Resources */,
				3DE0F93429BE3DD900FD6C71 /* LaunchScreen.storyboard in Resources */,
			);
			runOnlyForDeploymentPostprocessing = 0;
		};
/* End PBXResourcesBuildPhase section */

/* Begin PBXShellScriptBuildPhase section */
		3DE0F92F29BE3BAA00FD6C71 /* ShellScript */ = {
			isa = PBXShellScriptBuildPhase;
			alwaysOutOfDate = 1;
			buildActionMask = 8;
			files = (
			);
			inputFileListPaths = (
			);
			inputPaths = (
			);
			outputFileListPaths = (
			);
			outputPaths = (
			);
			runOnlyForDeploymentPostprocessing = 1;
			shellPath = /bin/sh;
			shellScript = "# Type a script or drag a script file from your workspace to insert its path.\nxcrun agvtool next-version -all\n";
		};
/* End PBXShellScriptBuildPhase section */

/* Begin PBXSourcesBuildPhase section */
		3DE0F8FA29BE365500FD6C71 /* Sources */ = {
			isa = PBXSourcesBuildPhase;
			buildActionMask = 2147483647;
			files = (
				3DE0F93629BE49E100FD6C71 /* NewView.swift in Sources */,
				3DE0F95D29C0BD4E00FD6C71 /* SettingsView.swift in Sources */,
				3D41A2B529C2118C008677A2 /* LessonView.swift in Sources */,
				3DE0F95929C0B7C600FD6C71 /* AboutButton.swift in Sources */,
				3D015AEE29C631B300382413 /* HoldingView.swift in Sources */,
				3D41A2B329C0EA3A008677A2 /* AppDelegate.swift in Sources */,
				3DE0F90429BE365500FD6C71 /* ContentView.swift in Sources */,
				3DE0F95329C0B25A00FD6C71 /* LessonsButton.swift in Sources */,
				3D41A2B729C2191D008677A2 /* LessonData.swift in Sources */,
				3DE0F95529C0B4E400FD6C71 /* FreePlayButton.swift in Sources */,
				3DE0F95729C0B7BE00FD6C71 /* SettingsButton.swift in Sources */,
				3DE0F90229BE365500FD6C71 /* MixLabApp.swift in Sources */,
				3D41A2B929C23184008677A2 /* LessonLoadingView.swift in Sources */,
			);
			runOnlyForDeploymentPostprocessing = 0;
		};
/* End PBXSourcesBuildPhase section */

/* Begin XCBuildConfiguration section */
		3DE0F90A29BE365600FD6C71 /* Debug */ = {
			isa = XCBuildConfiguration;
			buildSettings = {
				ALWAYS_SEARCH_USER_PATHS = NO;
				CLANG_ANALYZER_NONNULL = YES;
				CLANG_ANALYZER_NUMBER_OBJECT_CONVERSION = YES_AGGRESSIVE;
				CLANG_CXX_LANGUAGE_STANDARD = "gnu++20";
				CLANG_ENABLE_MODULES = YES;
				CLANG_ENABLE_OBJC_ARC = YES;
				CLANG_ENABLE_OBJC_WEAK = YES;
				CLANG_WARN_BLOCK_CAPTURE_AUTORELEASING = YES;
				CLANG_WARN_BOOL_CONVERSION = YES;
				CLANG_WARN_COMMA = YES;
				CLANG_WARN_CONSTANT_CONVERSION = YES;
				CLANG_WARN_DEPRECATED_OBJC_IMPLEMENTATIONS = YES;
				CLANG_WARN_DIRECT_OBJC_ISA_USAGE = YES_ERROR;
				CLANG_WARN_DOCUMENTATION_COMMENTS = YES;
				CLANG_WARN_EMPTY_BODY = YES;
				CLANG_WARN_ENUM_CONVERSION = YES;
				CLANG_WARN_INFINITE_RECURSION = YES;
				CLANG_WARN_INT_CONVERSION = YES;
				CLANG_WARN_NON_LITERAL_NULL_CONVERSION = YES;
				CLANG_WARN_OBJC_IMPLICIT_RETAIN_SELF = YES;
				CLANG_WARN_OBJC_LITERAL_CONVERSION = YES;
				CLANG_WARN_OBJC_ROOT_CLASS = YES_ERROR;
				CLANG_WARN_QUOTED_INCLUDE_IN_FRAMEWORK_HEADER = YES;
				CLANG_WARN_RANGE_LOOP_ANALYSIS = YES;
				CLANG_WARN_STRICT_PROTOTYPES = YES;
				CLANG_WARN_SUSPICIOUS_MOVE = YES;
				CLANG_WARN_UNGUARDED_AVAILABILITY = YES_AGGRESSIVE;
				CLANG_WARN_UNREACHABLE_CODE = YES;
				CLANG_WARN__DUPLICATE_METHOD_MATCH = YES;
				COPY_PHASE_STRIP = NO;
				DEBUG_INFORMATION_FORMAT = dwarf;
				ENABLE_STRICT_OBJC_MSGSEND = YES;
				ENABLE_TESTABILITY = YES;
				GCC_C_LANGUAGE_STANDARD = gnu11;
				GCC_DYNAMIC_NO_PIC = NO;
				GCC_NO_COMMON_BLOCKS = YES;
				GCC_OPTIMIZATION_LEVEL = 0;
				GCC_PREPROCESSOR_DEFINITIONS = (
					"DEBUG=1",
					"$(inherited)",
				);
				GCC_WARN_64_TO_32_BIT_CONVERSION = YES;
				GCC_WARN_ABOUT_RETURN_TYPE = YES_ERROR;
				GCC_WARN_UNDECLARED_SELECTOR = YES;
				GCC_WARN_UNINITIALIZED_AUTOS = YES_AGGRESSIVE;
				GCC_WARN_UNUSED_FUNCTION = YES;
				GCC_WARN_UNUSED_VARIABLE = YES;
				IPHONEOS_DEPLOYMENT_TARGET = 16.2;
				MTL_ENABLE_DEBUG_INFO = INCLUDE_SOURCE;
				MTL_FAST_MATH = YES;
				ONLY_ACTIVE_ARCH = YES;
				SDKROOT = iphoneos;
				SWIFT_ACTIVE_COMPILATION_CONDITIONS = DEBUG;
				SWIFT_OPTIMIZATION_LEVEL = "-Onone";
			};
			name = Debug;
		};
		3DE0F90B29BE365600FD6C71 /* Release */ = {
			isa = XCBuildConfiguration;
			buildSettings = {
				ALWAYS_SEARCH_USER_PATHS = NO;
				CLANG_ANALYZER_NONNULL = YES;
				CLANG_ANALYZER_NUMBER_OBJECT_CONVERSION = YES_AGGRESSIVE;
				CLANG_CXX_LANGUAGE_STANDARD = "gnu++20";
				CLANG_ENABLE_MODULES = YES;
				CLANG_ENABLE_OBJC_ARC = YES;
				CLANG_ENABLE_OBJC_WEAK = YES;
				CLANG_WARN_BLOCK_CAPTURE_AUTORELEASING = YES;
				CLANG_WARN_BOOL_CONVERSION = YES;
				CLANG_WARN_COMMA = YES;
				CLANG_WARN_CONSTANT_CONVERSION = YES;
				CLANG_WARN_DEPRECATED_OBJC_IMPLEMENTATIONS = YES;
				CLANG_WARN_DIRECT_OBJC_ISA_USAGE = YES_ERROR;
				CLANG_WARN_DOCUMENTATION_COMMENTS = YES;
				CLANG_WARN_EMPTY_BODY = YES;
				CLANG_WARN_ENUM_CONVERSION = YES;
				CLANG_WARN_INFINITE_RECURSION = YES;
				CLANG_WARN_INT_CONVERSION = YES;
				CLANG_WARN_NON_LITERAL_NULL_CONVERSION = YES;
				CLANG_WARN_OBJC_IMPLICIT_RETAIN_SELF = YES;
				CLANG_WARN_OBJC_LITERAL_CONVERSION = YES;
				CLANG_WARN_OBJC_ROOT_CLASS = YES_ERROR;
				CLANG_WARN_QUOTED_INCLUDE_IN_FRAMEWORK_HEADER = YES;
				CLANG_WARN_RANGE_LOOP_ANALYSIS = YES;
				CLANG_WARN_STRICT_PROTOTYPES = YES;
				CLANG_WARN_SUSPICIOUS_MOVE = YES;
				CLANG_WARN_UNGUARDED_AVAILABILITY = YES_AGGRESSIVE;
				CLANG_WARN_UNREACHABLE_CODE = YES;
				CLANG_WARN__DUPLICATE_METHOD_MATCH = YES;
				COPY_PHASE_STRIP = NO;
				DEBUG_INFORMATION_FORMAT = "dwarf-with-dsym";
				ENABLE_NS_ASSERTIONS = NO;
				ENABLE_STRICT_OBJC_MSGSEND = YES;
				GCC_C_LANGUAGE_STANDARD = gnu11;
				GCC_NO_COMMON_BLOCKS = YES;
				GCC_WARN_64_TO_32_BIT_CONVERSION = YES;
				GCC_WARN_ABOUT_RETURN_TYPE = YES_ERROR;
				GCC_WARN_UNDECLARED_SELECTOR = YES;
				GCC_WARN_UNINITIALIZED_AUTOS = YES_AGGRESSIVE;
				GCC_WARN_UNUSED_FUNCTION = YES;
				GCC_WARN_UNUSED_VARIABLE = YES;
				IPHONEOS_DEPLOYMENT_TARGET = 16.2;
				MTL_ENABLE_DEBUG_INFO = NO;
				MTL_FAST_MATH = YES;
				SDKROOT = iphoneos;
				SWIFT_COMPILATION_MODE = wholemodule;
				SWIFT_OPTIMIZATION_LEVEL = "-O";
				VALIDATE_PRODUCT = YES;
			};
			name = Release;
		};
		3DE0F90D29BE365600FD6C71 /* Debug */ = {
			isa = XCBuildConfiguration;
			buildSettings = {
				ASSETCATALOG_COMPILER_APPICON_NAME = AppIcon;
				ASSETCATALOG_COMPILER_GLOBAL_ACCENT_COLOR_NAME = AccentColor;
				ASSETCATALOG_COMPILER_INCLUDE_ALL_APPICON_ASSETS = YES;
				CODE_SIGN_STYLE = Automatic;
				CURRENT_PROJECT_VERSION = 30;
				DEVELOPMENT_ASSET_PATHS = "\"MixLab/Preview Content\"";
				DEVELOPMENT_TEAM = TR47HR79G6;
				ENABLE_PREVIEWS = YES;
				GENERATE_INFOPLIST_FILE = YES;
				INFOPLIST_KEY_CFBundleDisplayName = MixLab;
				INFOPLIST_KEY_LSApplicationCategoryType = "public.app-category.education";
				INFOPLIST_KEY_UIApplicationSceneManifest_Generation = YES;
				INFOPLIST_KEY_UIApplicationSupportsIndirectInputEvents = YES;
				INFOPLIST_KEY_UILaunchScreen_Generation = YES;
				INFOPLIST_KEY_UILaunchStoryboardName = LaunchScreen.storyboard;
				INFOPLIST_KEY_UIRequiresFullScreen = YES;
				INFOPLIST_KEY_UISupportedInterfaceOrientations = "UIInterfaceOrientationLandscapeLeft UIInterfaceOrientationLandscapeRight UIInterfaceOrientationPortrait";
				INFOPLIST_KEY_UISupportedInterfaceOrientations_iPad = "UIInterfaceOrientationLandscapeLeft UIInterfaceOrientationLandscapeRight";
				LD_RUNPATH_SEARCH_PATHS = (
					"$(inherited)",
					"@executable_path/Frameworks",
				);
				MARKETING_VERSION = 1.0;
				PRODUCT_BUNDLE_IDENTIFIER = com.WPMusic.MixLab;
				PRODUCT_NAME = "$(TARGET_NAME)";
				SUPPORTED_PLATFORMS = "iphoneos iphonesimulator";
				SUPPORTS_MACCATALYST = NO;
				SUPPORTS_MAC_DESIGNED_FOR_IPHONE_IPAD = YES;
				SWIFT_EMIT_LOC_STRINGS = YES;
				SWIFT_VERSION = 5.0;
				TARGETED_DEVICE_FAMILY = 2;
				VERSIONING_SYSTEM = "apple-generic";
			};
			name = Debug;
		};
		3DE0F90E29BE365600FD6C71 /* Release */ = {
			isa = XCBuildConfiguration;
			buildSettings = {
				ASSETCATALOG_COMPILER_APPICON_NAME = AppIcon;
				ASSETCATALOG_COMPILER_GLOBAL_ACCENT_COLOR_NAME = AccentColor;
				ASSETCATALOG_COMPILER_INCLUDE_ALL_APPICON_ASSETS = YES;
				CODE_SIGN_STYLE = Automatic;
				CURRENT_PROJECT_VERSION = 30;
				DEVELOPMENT_ASSET_PATHS = "\"MixLab/Preview Content\"";
				DEVELOPMENT_TEAM = TR47HR79G6;
				ENABLE_PREVIEWS = YES;
				GENERATE_INFOPLIST_FILE = YES;
				INFOPLIST_KEY_CFBundleDisplayName = MixLab;
				INFOPLIST_KEY_LSApplicationCategoryType = "public.app-category.education";
				INFOPLIST_KEY_UIApplicationSceneManifest_Generation = YES;
				INFOPLIST_KEY_UIApplicationSupportsIndirectInputEvents = YES;
				INFOPLIST_KEY_UILaunchScreen_Generation = YES;
				INFOPLIST_KEY_UILaunchStoryboardName = LaunchScreen.storyboard;
				INFOPLIST_KEY_UIRequiresFullScreen = YES;
				INFOPLIST_KEY_UISupportedInterfaceOrientations = "UIInterfaceOrientationLandscapeLeft UIInterfaceOrientationLandscapeRight UIInterfaceOrientationPortrait";
				INFOPLIST_KEY_UISupportedInterfaceOrientations_iPad = "UIInterfaceOrientationLandscapeLeft UIInterfaceOrientationLandscapeRight";
				LD_RUNPATH_SEARCH_PATHS = (
					"$(inherited)",
					"@executable_path/Frameworks",
				);
				MARKETING_VERSION = 1.0;
				PRODUCT_BUNDLE_IDENTIFIER = com.WPMusic.MixLab;
				PRODUCT_NAME = "$(TARGET_NAME)";
				SUPPORTED_PLATFORMS = "iphoneos iphonesimulator";
				SUPPORTS_MACCATALYST = NO;
				SUPPORTS_MAC_DESIGNED_FOR_IPHONE_IPAD = YES;
				SWIFT_EMIT_LOC_STRINGS = YES;
				SWIFT_VERSION = 5.0;
				TARGETED_DEVICE_FAMILY = 2;
				VERSIONING_SYSTEM = "apple-generic";
			};
			name = Release;
		};
/* End XCBuildConfiguration section */

/* Begin XCConfigurationList section */
		3DE0F8F929BE365500FD6C71 /* Build configuration list for PBXProject "MixLab" */ = {
			isa = XCConfigurationList;
			buildConfigurations = (
				3DE0F90A29BE365600FD6C71 /* Debug */,
				3DE0F90B29BE365600FD6C71 /* Release */,
			);
			defaultConfigurationIsVisible = 0;
			defaultConfigurationName = Release;
		};
		3DE0F90C29BE365600FD6C71 /* Build configuration list for PBXNativeTarget "MixLab" */ = {
			isa = XCConfigurationList;
			buildConfigurations = (
				3DE0F90D29BE365600FD6C71 /* Debug */,
				3DE0F90E29BE365600FD6C71 /* Release */,
			);
			defaultConfigurationIsVisible = 0;
			defaultConfigurationName = Release;
		};
/* End XCConfigurationList section */

/* Begin XCRemoteSwiftPackageReference section */
		3DE0F91729BE385500FD6C71 /* XCRemoteSwiftPackageReference "AudioKit" */ = {
			isa = XCRemoteSwiftPackageReference;
			repositoryURL = "https://github.com/AudioKit/AudioKit.git";
			requirement = {
				kind = upToNextMajorVersion;
				minimumVersion = 5.0.0;
			};
		};
		3DE0F91A29BE387200FD6C71 /* XCRemoteSwiftPackageReference "AudioKitEX" */ = {
			isa = XCRemoteSwiftPackageReference;
			repositoryURL = "https://github.com/AudioKit/AudioKitEX.git";
			requirement = {
				kind = upToNextMajorVersion;
				minimumVersion = 5.0.0;
			};
		};
		3DE0F92329BE39B500FD6C71 /* XCRemoteSwiftPackageReference "Controls" */ = {
			isa = XCRemoteSwiftPackageReference;
			repositoryURL = "https://github.com/AudioKit/Controls.git";
			requirement = {
				kind = upToNextMajorVersion;
				minimumVersion = 1.0.0;
			};
		};
		3DE0F92629BE39C400FD6C71 /* XCRemoteSwiftPackageReference "Flow" */ = {
			isa = XCRemoteSwiftPackageReference;
			repositoryURL = "https://github.com/AudioKit/Flow.git";
			requirement = {
				kind = upToNextMajorVersion;
				minimumVersion = 1.0.0;
			};
		};
		3DE0F92929BE39D600FD6C71 /* XCRemoteSwiftPackageReference "KissFFT" */ = {
			isa = XCRemoteSwiftPackageReference;
			repositoryURL = "https://github.com/AudioKit/KissFFT.git";
			requirement = {
				kind = upToNextMajorVersion;
				minimumVersion = 1.0.0;
			};
		};
		3DE0F92C29BE39E000FD6C71 /* XCRemoteSwiftPackageReference "SoundpipeAudioKit" */ = {
			isa = XCRemoteSwiftPackageReference;
			repositoryURL = "https://github.com/AudioKit/SoundpipeAudioKit.git";
			requirement = {
				kind = upToNextMajorVersion;
				minimumVersion = 5.0.0;
			};
		};
/* End XCRemoteSwiftPackageReference section */

/* Begin XCSwiftPackageProductDependency section */
		3DE0F91829BE385500FD6C71 /* AudioKit */ = {
			isa = XCSwiftPackageProductDependency;
			package = 3DE0F91729BE385500FD6C71 /* XCRemoteSwiftPackageReference "AudioKit" */;
			productName = AudioKit;
		};
		3DE0F91B29BE387200FD6C71 /* AudioKitEX */ = {
			isa = XCSwiftPackageProductDependency;
			package = 3DE0F91A29BE387200FD6C71 /* XCRemoteSwiftPackageReference "AudioKitEX" */;
			productName = AudioKitEX;
		};
		3DE0F92429BE39B500FD6C71 /* Controls */ = {
			isa = XCSwiftPackageProductDependency;
			package = 3DE0F92329BE39B500FD6C71 /* XCRemoteSwiftPackageReference "Controls" */;
			productName = Controls;
		};
		3DE0F92729BE39C400FD6C71 /* Flow */ = {
			isa = XCSwiftPackageProductDependency;
			package = 3DE0F92629BE39C400FD6C71 /* XCRemoteSwiftPackageReference "Flow" */;
			productName = Flow;
		};
		3DE0F92A29BE39D600FD6C71 /* KissFFT */ = {
			isa = XCSwiftPackageProductDependency;
			package = 3DE0F92929BE39D600FD6C71 /* XCRemoteSwiftPackageReference "KissFFT" */;
			productName = KissFFT;
		};
		3DE0F92D29BE39E000FD6C71 /* SoundpipeAudioKit */ = {
			isa = XCSwiftPackageProductDependency;
			package = 3DE0F92C29BE39E000FD6C71 /* XCRemoteSwiftPackageReference "SoundpipeAudioKit" */;
			productName = SoundpipeAudioKit;
		};
/* End XCSwiftPackageProductDependency section */
	};
	rootObject = 3DE0F8F629BE365500FD6C71 /* Project object */;
}
